
Microsoft Visual Studio Solution File, Format Version 12.00
# Visual Studio Version 17
VisualStudioVersion = 17.2.32526.322
MinimumVisualStudioVersion = 10.0.40219.1
Project("{FAE04EC0-301F-11D3-BF4B-00C04F79EFBC}") = "firstForm", "firstForm.csproj", "{800092C1-43D4-4D47-B17C-4E0AE10EA94E}"
EndProject
Global
	GlobalSection(SolutionConfigurationPlatforms) = preSolution
		Debug|Any CPU = Debug|Any CPU
		Release|Any CPU = Release|Any CPU
	EndGlobalSection
	GlobalSection(ProjectConfigurationPlatforms) = postSolution
		{800092C1-43D4-4D47-B17C-4E0AE10EA94E}.Debug|Any CPU.ActiveCfg = Debug|Any CPU
		{800092C1-43D4-4D47-B17C-4E0AE10EA94E}.Debug|Any CPU.Build.0 = Debug|Any CPU
		{800092C1-43D4-4D47-B17C-4E0AE10EA94E}.Release|Any CPU.ActiveCfg = Release|Any CPU
		{800092C1-43D4-4D47-B17C-4E0AE10EA94E}.Release|Any CPU.Build.0 = Release|Any CPU
	EndGlobalSection
	GlobalSection(SolutionProperties) = preSolution
		HideSolutionNode = FALSE
	EndGlobalSection
	GlobalSection(ExtensibilityGlobals) = postSolution
		SolutionGuid = {79D73F63-239E-456A-ADDC-20AAAA219C11}
	EndGlobalSection
EndGlobal
