
Microsoft Visual Studio Solution File, Format Version 12.00
# Visual Studio Version 17
VisualStudioVersion = 17.2.32526.322
MinimumVisualStudioVersion = 10.0.40219.1
Project("{FAE04EC0-301F-11D3-BF4B-00C04F79EFBC}") = "DemoMDI", "DemoMDI.csproj", "{E699D308-192F-4F34-B1FA-46DD0438CE05}"
EndProject
Global
	GlobalSection(SolutionConfigurationPlatforms) = preSolution
		Debug|Any CPU = Debug|Any CPU
		Release|Any CPU = Release|Any CPU
	EndGlobalSection
	GlobalSection(ProjectConfigurationPlatforms) = postSolution
		{E699D308-192F-4F34-B1FA-46DD0438CE05}.Debug|Any CPU.ActiveCfg = Debug|Any CPU
		{E699D308-192F-4F34-B1FA-46DD0438CE05}.Debug|Any CPU.Build.0 = Debug|Any CPU
		{E699D308-192F-4F34-B1FA-46DD0438CE05}.Release|Any CPU.ActiveCfg = Release|Any CPU
		{E699D308-192F-4F34-B1FA-46DD0438CE05}.Release|Any CPU.Build.0 = Release|Any CPU
	EndGlobalSection
	GlobalSection(SolutionProperties) = preSolution
		HideSolutionNode = FALSE
	EndGlobalSection
	GlobalSection(ExtensibilityGlobals) = postSolution
		SolutionGuid = {F5164990-DF97-4DAC-90A8-A234C50AA274}
	EndGlobalSection
EndGlobal
