
Microsoft Visual Studio Solution File, Format Version 12.00
# Visual Studio Version 17
VisualStudioVersion = 17.2.32526.322
MinimumVisualStudioVersion = 10.0.40219.1
Project("{FAE04EC0-301F-11D3-BF4B-00C04F79EFBC}") = "Aplication.Net_01", "Aplication.Net_01.csproj", "{D697C79B-0356-40ED-922B-888330DE6F41}"
EndProject
Project("{FAE04EC0-301F-11D3-BF4B-00C04F79EFBC}") = "Library_Demo", "..\Library_Demo\Library_Demo.csproj", "{C9110D64-B1A1-4355-B255-8DBE441F37F5}"
EndProject
Global
	GlobalSection(SolutionConfigurationPlatforms) = preSolution
		Debug|Any CPU = Debug|Any CPU
		Release|Any CPU = Release|Any CPU
	EndGlobalSection
	GlobalSection(ProjectConfigurationPlatforms) = postSolution
		{D697C79B-0356-40ED-922B-888330DE6F41}.Debug|Any CPU.ActiveCfg = Debug|Any CPU
		{D697C79B-0356-40ED-922B-888330DE6F41}.Debug|Any CPU.Build.0 = Debug|Any CPU
		{D697C79B-0356-40ED-922B-888330DE6F41}.Release|Any CPU.ActiveCfg = Release|Any CPU
		{D697C79B-0356-40ED-922B-888330DE6F41}.Release|Any CPU.Build.0 = Release|Any CPU
		{C9110D64-B1A1-4355-B255-8DBE441F37F5}.Debug|Any CPU.ActiveCfg = Debug|Any CPU
		{C9110D64-B1A1-4355-B255-8DBE441F37F5}.Debug|Any CPU.Build.0 = Debug|Any CPU
		{C9110D64-B1A1-4355-B255-8DBE441F37F5}.Release|Any CPU.ActiveCfg = Release|Any CPU
		{C9110D64-B1A1-4355-B255-8DBE441F37F5}.Release|Any CPU.Build.0 = Release|Any CPU
	EndGlobalSection
	GlobalSection(SolutionProperties) = preSolution
		HideSolutionNode = FALSE
	EndGlobalSection
	GlobalSection(ExtensibilityGlobals) = postSolution
		SolutionGuid = {326B258A-39A2-4DC8-A133-9976A9F68D8D}
	EndGlobalSection
EndGlobal
