
Microsoft Visual Studio Solution File, Format Version 12.00
# Visual Studio Version 17
VisualStudioVersion = 17.2.32526.322
MinimumVisualStudioVersion = 10.0.40219.1
Project("{9A19103F-16F7-4668-BE54-9A1E7A4F7556}") = "WinFormGraphics", "WinFormGraphics.csproj", "{7C0BCE2A-2ECA-423D-BB3E-E37A4E5FCA8C}"
EndProject
Project("{FAE04EC0-301F-11D3-BF4B-00C04F79EFBC}") = "WinFormsGraphic", "..\WinFormsGraphic\WinFormsGraphic.csproj", "{78E79DBA-484B-469D-8E16-0313008DF4E5}"
EndProject
Global
	GlobalSection(SolutionConfigurationPlatforms) = preSolution
		Debug|Any CPU = Debug|Any CPU
		Release|Any CPU = Release|Any CPU
	EndGlobalSection
	GlobalSection(ProjectConfigurationPlatforms) = postSolution
		{7C0BCE2A-2ECA-423D-BB3E-E37A4E5FCA8C}.Debug|Any CPU.ActiveCfg = Debug|Any CPU
		{7C0BCE2A-2ECA-423D-BB3E-E37A4E5FCA8C}.Debug|Any CPU.Build.0 = Debug|Any CPU
		{7C0BCE2A-2ECA-423D-BB3E-E37A4E5FCA8C}.Release|Any CPU.ActiveCfg = Release|Any CPU
		{7C0BCE2A-2ECA-423D-BB3E-E37A4E5FCA8C}.Release|Any CPU.Build.0 = Release|Any CPU
		{78E79DBA-484B-469D-8E16-0313008DF4E5}.Debug|Any CPU.ActiveCfg = Debug|Any CPU
		{78E79DBA-484B-469D-8E16-0313008DF4E5}.Debug|Any CPU.Build.0 = Debug|Any CPU
		{78E79DBA-484B-469D-8E16-0313008DF4E5}.Release|Any CPU.ActiveCfg = Release|Any CPU
		{78E79DBA-484B-469D-8E16-0313008DF4E5}.Release|Any CPU.Build.0 = Release|Any CPU
	EndGlobalSection
	GlobalSection(SolutionProperties) = preSolution
		HideSolutionNode = FALSE
	EndGlobalSection
	GlobalSection(ExtensibilityGlobals) = postSolution
		SolutionGuid = {564BB06C-B799-4C79-AC5F-E715DFB8E90C}
	EndGlobalSection
EndGlobal
