
Microsoft Visual Studio Solution File, Format Version 12.00
# Visual Studio Version 17
VisualStudioVersion = 17.2.32526.322
MinimumVisualStudioVersion = 10.0.40219.1
Project("{FAE04EC0-301F-11D3-BF4B-00C04F79EFBC}") = "LinQGUI", "LinQGUI.csproj", "{117FB47F-5371-434A-AE38-2466B0B62241}"
EndProject
Global
	GlobalSection(SolutionConfigurationPlatforms) = preSolution
		Debug|Any CPU = Debug|Any CPU
		Release|Any CPU = Release|Any CPU
	EndGlobalSection
	GlobalSection(ProjectConfigurationPlatforms) = postSolution
		{117FB47F-5371-434A-AE38-2466B0B62241}.Debug|Any CPU.ActiveCfg = Debug|Any CPU
		{117FB47F-5371-434A-AE38-2466B0B62241}.Debug|Any CPU.Build.0 = Debug|Any CPU
		{117FB47F-5371-434A-AE38-2466B0B62241}.Release|Any CPU.ActiveCfg = Release|Any CPU
		{117FB47F-5371-434A-AE38-2466B0B62241}.Release|Any CPU.Build.0 = Release|Any CPU
	EndGlobalSection
	GlobalSection(SolutionProperties) = preSolution
		HideSolutionNode = FALSE
	EndGlobalSection
	GlobalSection(ExtensibilityGlobals) = postSolution
		SolutionGuid = {F8698AC8-EDAC-4F9E-8BED-2B84EF806D41}
	EndGlobalSection
EndGlobal
