
Microsoft Visual Studio Solution File, Format Version 12.00
# Visual Studio Version 16
VisualStudioVersion = 16.0.32002.261
MinimumVisualStudioVersion = 10.0.40219.1
Project("{FAE04EC0-301F-11D3-BF4B-00C04F79EFBC}") = "SE1608_LINQ", "SE1608_LINQ\SE1608_LINQ.csproj", "{29BD4660-9C68-4E0B-8B66-1C58271B62B8}"
EndProject
Global
	GlobalSection(SolutionConfigurationPlatforms) = preSolution
		Debug|Any CPU = Debug|Any CPU
		Release|Any CPU = Release|Any CPU
	EndGlobalSection
	GlobalSection(ProjectConfigurationPlatforms) = postSolution
		{29BD4660-9C68-4E0B-8B66-1C58271B62B8}.Debug|Any CPU.ActiveCfg = Debug|Any CPU
		{29BD4660-9C68-4E0B-8B66-1C58271B62B8}.Debug|Any CPU.Build.0 = Debug|Any CPU
		{29BD4660-9C68-4E0B-8B66-1C58271B62B8}.Release|Any CPU.ActiveCfg = Release|Any CPU
		{29BD4660-9C68-4E0B-8B66-1C58271B62B8}.Release|Any CPU.Build.0 = Release|Any CPU
	EndGlobalSection
	GlobalSection(SolutionProperties) = preSolution
		HideSolutionNode = FALSE
	EndGlobalSection
	GlobalSection(ExtensibilityGlobals) = postSolution
		SolutionGuid = {112DFCA4-53F0-4B8A-ABAC-1B0A3E64EB9E}
	EndGlobalSection
EndGlobal
