
Microsoft Visual Studio Solution File, Format Version 12.00
# Visual Studio Version 17
VisualStudioVersion = 17.2.32526.322
MinimumVisualStudioVersion = 10.0.40219.1
Project("{FAE04EC0-301F-11D3-BF4B-00C04F79EFBC}") = "WinFormsApp1", "WinFormsApp1.csproj", "{C0C93381-EA4B-4A37-9D96-CAA3215D4FC6}"
EndProject
Global
	GlobalSection(SolutionConfigurationPlatforms) = preSolution
		Debug|Any CPU = Debug|Any CPU
		Release|Any CPU = Release|Any CPU
	EndGlobalSection
	GlobalSection(ProjectConfigurationPlatforms) = postSolution
		{C0C93381-EA4B-4A37-9D96-CAA3215D4FC6}.Debug|Any CPU.ActiveCfg = Debug|Any CPU
		{C0C93381-EA4B-4A37-9D96-CAA3215D4FC6}.Debug|Any CPU.Build.0 = Debug|Any CPU
		{C0C93381-EA4B-4A37-9D96-CAA3215D4FC6}.Release|Any CPU.ActiveCfg = Release|Any CPU
		{C0C93381-EA4B-4A37-9D96-CAA3215D4FC6}.Release|Any CPU.Build.0 = Release|Any CPU
	EndGlobalSection
	GlobalSection(SolutionProperties) = preSolution
		HideSolutionNode = FALSE
	EndGlobalSection
	GlobalSection(ExtensibilityGlobals) = postSolution
		SolutionGuid = {4B506DFE-1054-47C5-9A0B-F5C20EABEC49}
	EndGlobalSection
EndGlobal
