
Microsoft Visual Studio Solution File, Format Version 12.00
# Visual Studio Version 17
VisualStudioVersion = 17.1.32421.90
MinimumVisualStudioVersion = 10.0.40219.1
Project("{FAE04EC0-301F-11D3-BF4B-00C04F79EFBC}") = "AppDomain", "AppDomain.csproj", "{3E303057-5F30-4A05-BB81-2F237F910902}"
EndProject
Project("{FAE04EC0-301F-11D3-BF4B-00C04F79EFBC}") = "Threads", "..\Threads\Threads.csproj", "{5DA4E74A-F235-4F72-B49F-BFE3EFE943E3}"
EndProject
Global
	GlobalSection(SolutionConfigurationPlatforms) = preSolution
		Debug|Any CPU = Debug|Any CPU
		Release|Any CPU = Release|Any CPU
	EndGlobalSection
	GlobalSection(ProjectConfigurationPlatforms) = postSolution
		{3E303057-5F30-4A05-BB81-2F237F910902}.Debug|Any CPU.ActiveCfg = Debug|Any CPU
		{3E303057-5F30-4A05-BB81-2F237F910902}.Debug|Any CPU.Build.0 = Debug|Any CPU
		{3E303057-5F30-4A05-BB81-2F237F910902}.Release|Any CPU.ActiveCfg = Release|Any CPU
		{3E303057-5F30-4A05-BB81-2F237F910902}.Release|Any CPU.Build.0 = Release|Any CPU
		{5DA4E74A-F235-4F72-B49F-BFE3EFE943E3}.Debug|Any CPU.ActiveCfg = Debug|Any CPU
		{5DA4E74A-F235-4F72-B49F-BFE3EFE943E3}.Debug|Any CPU.Build.0 = Debug|Any CPU
		{5DA4E74A-F235-4F72-B49F-BFE3EFE943E3}.Release|Any CPU.ActiveCfg = Release|Any CPU
		{5DA4E74A-F235-4F72-B49F-BFE3EFE943E3}.Release|Any CPU.Build.0 = Release|Any CPU
	EndGlobalSection
	GlobalSection(SolutionProperties) = preSolution
		HideSolutionNode = FALSE
	EndGlobalSection
	GlobalSection(ExtensibilityGlobals) = postSolution
		SolutionGuid = {6E897C4E-4EED-49CC-A71A-451C8CD4B44F}
	EndGlobalSection
EndGlobal
