
Microsoft Visual Studio Solution File, Format Version 12.00
# Visual Studio Version 16
VisualStudioVersion = 16.0.32002.261
MinimumVisualStudioVersion = 10.0.40219.1
Project("{FAE04EC0-301F-11D3-BF4B-00C04F79EFBC}") = "PRN211_M1_ADO", "PRN211_M1_ADO\PRN211_M1_ADO.csproj", "{3D896515-C9EA-4409-B81F-7403CBA6A6AE}"
EndProject
Global
	GlobalSection(SolutionConfigurationPlatforms) = preSolution
		Debug|Any CPU = Debug|Any CPU
		Release|Any CPU = Release|Any CPU
	EndGlobalSection
	GlobalSection(ProjectConfigurationPlatforms) = postSolution
		{3D896515-C9EA-4409-B81F-7403CBA6A6AE}.Debug|Any CPU.ActiveCfg = Debug|Any CPU
		{3D896515-C9EA-4409-B81F-7403CBA6A6AE}.Debug|Any CPU.Build.0 = Debug|Any CPU
		{3D896515-C9EA-4409-B81F-7403CBA6A6AE}.Release|Any CPU.ActiveCfg = Release|Any CPU
		{3D896515-C9EA-4409-B81F-7403CBA6A6AE}.Release|Any CPU.Build.0 = Release|Any CPU
	EndGlobalSection
	GlobalSection(SolutionProperties) = preSolution
		HideSolutionNode = FALSE
	EndGlobalSection
	GlobalSection(ExtensibilityGlobals) = postSolution
		SolutionGuid = {EE4EDE32-1848-49DE-9F16-86060D09BB4C}
	EndGlobalSection
EndGlobal
