
Microsoft Visual Studio Solution File, Format Version 12.00
# Visual Studio Version 17
VisualStudioVersion = 17.2.32526.322
MinimumVisualStudioVersion = 10.0.40219.1
Project("{FAE04EC0-301F-11D3-BF4B-00C04F79EFBC}") = "DelegateEvent", "DelegateEvent.csproj", "{B510FB67-2293-418F-B46B-C7789E3D8A66}"
EndProject
Global
	GlobalSection(SolutionConfigurationPlatforms) = preSolution
		Debug|Any CPU = Debug|Any CPU
		Release|Any CPU = Release|Any CPU
	EndGlobalSection
	GlobalSection(ProjectConfigurationPlatforms) = postSolution
		{B510FB67-2293-418F-B46B-C7789E3D8A66}.Debug|Any CPU.ActiveCfg = Debug|Any CPU
		{B510FB67-2293-418F-B46B-C7789E3D8A66}.Debug|Any CPU.Build.0 = Debug|Any CPU
		{B510FB67-2293-418F-B46B-C7789E3D8A66}.Release|Any CPU.ActiveCfg = Release|Any CPU
		{B510FB67-2293-418F-B46B-C7789E3D8A66}.Release|Any CPU.Build.0 = Release|Any CPU
	EndGlobalSection
	GlobalSection(SolutionProperties) = preSolution
		HideSolutionNode = FALSE
	EndGlobalSection
	GlobalSection(ExtensibilityGlobals) = postSolution
		SolutionGuid = {B12AD98B-D88B-40F8-BD57-0E9CB686EE74}
	EndGlobalSection
EndGlobal
