
Microsoft Visual Studio Solution File, Format Version 12.00
# Visual Studio Version 17
VisualStudioVersion = 17.1.32421.90
MinimumVisualStudioVersion = 10.0.40219.1
Project("{FAE04EC0-301F-11D3-BF4B-00C04F79EFBC}") = "Q3", "Q3.csproj", "{05557ADE-4FE4-41E4-91CD-5FA6A91A86A8}"
EndProject
Global
	GlobalSection(SolutionConfigurationPlatforms) = preSolution
		Debug|Any CPU = Debug|Any CPU
		Release|Any CPU = Release|Any CPU
	EndGlobalSection
	GlobalSection(ProjectConfigurationPlatforms) = postSolution
		{05557ADE-4FE4-41E4-91CD-5FA6A91A86A8}.Debug|Any CPU.ActiveCfg = Debug|Any CPU
		{05557ADE-4FE4-41E4-91CD-5FA6A91A86A8}.Debug|Any CPU.Build.0 = Debug|Any CPU
		{05557ADE-4FE4-41E4-91CD-5FA6A91A86A8}.Release|Any CPU.ActiveCfg = Release|Any CPU
		{05557ADE-4FE4-41E4-91CD-5FA6A91A86A8}.Release|Any CPU.Build.0 = Release|Any CPU
	EndGlobalSection
	GlobalSection(SolutionProperties) = preSolution
		HideSolutionNode = FALSE
	EndGlobalSection
	GlobalSection(ExtensibilityGlobals) = postSolution
		SolutionGuid = {DCE56437-68BA-4F38-95DA-B0B6A8013F25}
	EndGlobalSection
EndGlobal
