
Microsoft Visual Studio Solution File, Format Version 12.00
# Visual Studio Version 17
VisualStudioVersion = 17.1.32421.90
MinimumVisualStudioVersion = 10.0.40219.1
Project("{FAE04EC0-301F-11D3-BF4B-00C04F79EFBC}") = "WinForms0", "WinForms0.csproj", "{105B0BCB-CA65-4C59-B45E-8FA85AE6082F}"
EndProject
Global
	GlobalSection(SolutionConfigurationPlatforms) = preSolution
		Debug|Any CPU = Debug|Any CPU
		Release|Any CPU = Release|Any CPU
	EndGlobalSection
	GlobalSection(ProjectConfigurationPlatforms) = postSolution
		{105B0BCB-CA65-4C59-B45E-8FA85AE6082F}.Debug|Any CPU.ActiveCfg = Debug|Any CPU
		{105B0BCB-CA65-4C59-B45E-8FA85AE6082F}.Debug|Any CPU.Build.0 = Debug|Any CPU
		{105B0BCB-CA65-4C59-B45E-8FA85AE6082F}.Release|Any CPU.ActiveCfg = Release|Any CPU
		{105B0BCB-CA65-4C59-B45E-8FA85AE6082F}.Release|Any CPU.Build.0 = Release|Any CPU
	EndGlobalSection
	GlobalSection(SolutionProperties) = preSolution
		HideSolutionNode = FALSE
	EndGlobalSection
	GlobalSection(ExtensibilityGlobals) = postSolution
		SolutionGuid = {5B3448F8-FD5F-4972-B6CF-5D3676F2DCF3}
	EndGlobalSection
EndGlobal
