
Microsoft Visual Studio Solution File, Format Version 12.00
# Visual Studio Version 17
VisualStudioVersion = 17.1.32421.90
MinimumVisualStudioVersion = 10.0.40219.1
Project("{FAE04EC0-301F-11D3-BF4B-00C04F79EFBC}") = "CS_STRUCTENUM", "CS_STRUCTENUM.csproj", "{DADB79A8-07FD-4C29-8BEE-3A5ADA4B509A}"
EndProject
Global
	GlobalSection(SolutionConfigurationPlatforms) = preSolution
		Debug|Any CPU = Debug|Any CPU
		Release|Any CPU = Release|Any CPU
	EndGlobalSection
	GlobalSection(ProjectConfigurationPlatforms) = postSolution
		{DADB79A8-07FD-4C29-8BEE-3A5ADA4B509A}.Debug|Any CPU.ActiveCfg = Debug|Any CPU
		{DADB79A8-07FD-4C29-8BEE-3A5ADA4B509A}.Debug|Any CPU.Build.0 = Debug|Any CPU
		{DADB79A8-07FD-4C29-8BEE-3A5ADA4B509A}.Release|Any CPU.ActiveCfg = Release|Any CPU
		{DADB79A8-07FD-4C29-8BEE-3A5ADA4B509A}.Release|Any CPU.Build.0 = Release|Any CPU
	EndGlobalSection
	GlobalSection(SolutionProperties) = preSolution
		HideSolutionNode = FALSE
	EndGlobalSection
	GlobalSection(ExtensibilityGlobals) = postSolution
		SolutionGuid = {5980A3E2-28DF-484E-97B9-67C37EA2F33D}
	EndGlobalSection
EndGlobal
